
Microsoft Visual Studio Solution File, Format Version 12.00
Project("{FAE04EC0-301F-11D3-BF4B-00C04F79EFBC}") = "OmokSocketServer", "OmokSocketServer\OmokSocketServer.csproj", "{2109AF24-957D-4DFE-BC5A-119292A5466D}"
EndProject
Global
	GlobalSection(SolutionConfigurationPlatforms) = preSolution
		Debug|Any CPU = Debug|Any CPU
		Release|Any CPU = Release|Any CPU
	EndGlobalSection
	GlobalSection(ProjectConfigurationPlatforms) = postSolution
		{2109AF24-957D-4DFE-BC5A-119292A5466D}.Debug|Any CPU.ActiveCfg = Debug|Any CPU
		{2109AF24-957D-4DFE-BC5A-119292A5466D}.Debug|Any CPU.Build.0 = Debug|Any CPU
		{2109AF24-957D-4DFE-BC5A-119292A5466D}.Release|Any CPU.ActiveCfg = Release|Any CPU
		{2109AF24-957D-4DFE-BC5A-119292A5466D}.Release|Any CPU.Build.0 = Release|Any CPU
	EndGlobalSection
EndGlobal
