
Microsoft Visual Studio Solution File, Format Version 12.00
Project("{FAE04EC0-301F-11D3-BF4B-00C04F79EFBC}") = "OmokAPIServer", "OmokAPIServer\OmokAPIServer.csproj", "{39C2480A-89F3-43A2-947A-F7B3D632647F}"
EndProject
Project("{FAE04EC0-301F-11D3-BF4B-00C04F79EFBC}") = "OmokShareProject", "..\OmokShareProject\OmokShareProject\OmokShareProject.csproj", "{30319744-5BB6-4F32-8C9B-D4200D19AA77}"
EndProject
Global
	GlobalSection(SolutionConfigurationPlatforms) = preSolution
		Debug|Any CPU = Debug|Any CPU
		Release|Any CPU = Release|Any CPU
	EndGlobalSection
	GlobalSection(ProjectConfigurationPlatforms) = postSolution
		{39C2480A-89F3-43A2-947A-F7B3D632647F}.Debug|Any CPU.ActiveCfg = Debug|Any CPU
		{39C2480A-89F3-43A2-947A-F7B3D632647F}.Debug|Any CPU.Build.0 = Debug|Any CPU
		{39C2480A-89F3-43A2-947A-F7B3D632647F}.Release|Any CPU.ActiveCfg = Release|Any CPU
		{39C2480A-89F3-43A2-947A-F7B3D632647F}.Release|Any CPU.Build.0 = Release|Any CPU
		{30319744-5BB6-4F32-8C9B-D4200D19AA77}.Debug|Any CPU.ActiveCfg = Debug|Any CPU
		{30319744-5BB6-4F32-8C9B-D4200D19AA77}.Debug|Any CPU.Build.0 = Debug|Any CPU
		{30319744-5BB6-4F32-8C9B-D4200D19AA77}.Release|Any CPU.ActiveCfg = Release|Any CPU
		{30319744-5BB6-4F32-8C9B-D4200D19AA77}.Release|Any CPU.Build.0 = Release|Any CPU
	EndGlobalSection
EndGlobal
