
Microsoft Visual Studio Solution File, Format Version 12.00
Project("{FAE04EC0-301F-11D3-BF4B-00C04F79EFBC}") = "basic1", "basic1\basic1.csproj", "{C0CAF567-34D2-4727-8AE0-4535A6DAAED1}"
EndProject
Global
	GlobalSection(SolutionConfigurationPlatforms) = preSolution
		Debug|Any CPU = Debug|Any CPU
		Release|Any CPU = Release|Any CPU
	EndGlobalSection
	GlobalSection(ProjectConfigurationPlatforms) = postSolution
		{C0CAF567-34D2-4727-8AE0-4535A6DAAED1}.Debug|Any CPU.ActiveCfg = Debug|Any CPU
		{C0CAF567-34D2-4727-8AE0-4535A6DAAED1}.Debug|Any CPU.Build.0 = Debug|Any CPU
		{C0CAF567-34D2-4727-8AE0-4535A6DAAED1}.Release|Any CPU.ActiveCfg = Release|Any CPU
		{C0CAF567-34D2-4727-8AE0-4535A6DAAED1}.Release|Any CPU.Build.0 = Release|Any CPU
	EndGlobalSection
EndGlobal
