
Microsoft Visual Studio Solution File, Format Version 12.00
Project("{FAE04EC0-301F-11D3-BF4B-00C04F79EFBC}") = "OmokMatchingServer", "OmokMatchingServer\OmokMatchingServer.csproj", "{2373ED77-322B-4265-85D3-4A4548C41671}"
EndProject
Global
	GlobalSection(SolutionConfigurationPlatforms) = preSolution
		Debug|Any CPU = Debug|Any CPU
		Release|Any CPU = Release|Any CPU
	EndGlobalSection
	GlobalSection(ProjectConfigurationPlatforms) = postSolution
		{2373ED77-322B-4265-85D3-4A4548C41671}.Debug|Any CPU.ActiveCfg = Debug|Any CPU
		{2373ED77-322B-4265-85D3-4A4548C41671}.Debug|Any CPU.Build.0 = Debug|Any CPU
		{2373ED77-322B-4265-85D3-4A4548C41671}.Release|Any CPU.ActiveCfg = Release|Any CPU
		{2373ED77-322B-4265-85D3-4A4548C41671}.Release|Any CPU.Build.0 = Release|Any CPU
	EndGlobalSection
EndGlobal
